
Microsoft Visual Studio Solution File, Format Version 12.00
# Visual Studio Version 17
VisualStudioVersion = 17.7.34031.279
MinimumVisualStudioVersion = 10.0.40219.1
Project("{9A19103F-16F7-4668-BE54-9A1E7A4F7556}") = "PM.API", "PM.API\PM.API.csproj", "{DFA00C62-1EAC-45D9-9810-91ABAB6BAAB9}"
EndProject
Project("{9A19103F-16F7-4668-BE54-9A1E7A4F7556}") = "PM.DB", "PM.DB\PM.DB.csproj", "{5222269B-8DB6-44F5-B4FD-4FA27415B0CB}"
EndProject
Project("{9A19103F-16F7-4668-BE54-9A1E7A4F7556}") = "PM.Core", "PM.Core\PM.Core.csproj", "{AFC6B0F3-DEDA-4E80-B687-8B7B83058CC7}"
EndProject
Project("{2150E333-8FDC-42A3-9474-1A3956D46DE8}") = "方案項目", "方案項目", "{EA5F9DBF-AB55-4220-8A06-15F76A71F298}"
	ProjectSection(SolutionItems) = preProject
		Dockerfile = Dockerfile
	EndProjectSection
EndProject
Global
	GlobalSection(SolutionConfigurationPlatforms) = preSolution
		Debug|Any CPU = Debug|Any CPU
		Release|Any CPU = Release|Any CPU
	EndGlobalSection
	GlobalSection(ProjectConfigurationPlatforms) = postSolution
		{DFA00C62-1EAC-45D9-9810-91ABAB6BAAB9}.Debug|Any CPU.ActiveCfg = Debug|Any CPU
		{DFA00C62-1EAC-45D9-9810-91ABAB6BAAB9}.Debug|Any CPU.Build.0 = Debug|Any CPU
		{DFA00C62-1EAC-45D9-9810-91ABAB6BAAB9}.Release|Any CPU.ActiveCfg = Release|Any CPU
		{DFA00C62-1EAC-45D9-9810-91ABAB6BAAB9}.Release|Any CPU.Build.0 = Release|Any CPU
		{5222269B-8DB6-44F5-B4FD-4FA27415B0CB}.Debug|Any CPU.ActiveCfg = Debug|Any CPU
		{5222269B-8DB6-44F5-B4FD-4FA27415B0CB}.Debug|Any CPU.Build.0 = Debug|Any CPU
		{5222269B-8DB6-44F5-B4FD-4FA27415B0CB}.Release|Any CPU.ActiveCfg = Release|Any CPU
		{5222269B-8DB6-44F5-B4FD-4FA27415B0CB}.Release|Any CPU.Build.0 = Release|Any CPU
		{AFC6B0F3-DEDA-4E80-B687-8B7B83058CC7}.Debug|Any CPU.ActiveCfg = Debug|Any CPU
		{AFC6B0F3-DEDA-4E80-B687-8B7B83058CC7}.Debug|Any CPU.Build.0 = Debug|Any CPU
		{AFC6B0F3-DEDA-4E80-B687-8B7B83058CC7}.Release|Any CPU.ActiveCfg = Release|Any CPU
		{AFC6B0F3-DEDA-4E80-B687-8B7B83058CC7}.Release|Any CPU.Build.0 = Release|Any CPU
	EndGlobalSection
	GlobalSection(SolutionProperties) = preSolution
		HideSolutionNode = FALSE
	EndGlobalSection
	GlobalSection(ExtensibilityGlobals) = postSolution
		SolutionGuid = {93D72E37-19BA-4D38-8F6E-8BD6E5212916}
	EndGlobalSection
EndGlobal
